schema: '2.0'
stages:
  preprocess:
    cmd: python -m caso_berka_model.dataset
    deps:
    - path: caso_berka_model/dataset.py
      hash: md5
      md5: e5a1d534e0407845952fd025e8efb028
      size: 2733
    - path: caso_berka_model/features.py
      hash: md5
      md5: dd3bb7bac88f26190ca63fe418267096
      size: 8695
    - path: data/raw
      hash: md5
      md5: d517c274d6f69aa3af8107c166885180.dir
      size: 70755446
      nfiles: 9
    params:
      params.yaml:
        prepare.null_threshold: 0.6
    outs:
    - path: data/processed/tabla_minable.csv
      hash: md5
      md5: 3836d9361cd9858f429ed367fcedb601
      size: 1031853
  train:
    cmd: python -m caso_berka_model.modeling.train
    deps:
    - path: caso_berka_model/mlflow_engine
      hash: md5
      md5: fcff91749fe29bd68d75a66d38cf31a0.dir
      size: 54017
      nfiles: 18
    - path: caso_berka_model/modeling/predict.py
      hash: md5
      md5: 38041185b1e405edf34fcb37f6f137ae
      size: 2376
    - path: caso_berka_model/modeling/train.py
      hash: md5
      md5: a28b4ab103e2cf3659f79537da267ac8
      size: 11164
    - path: caso_berka_model/plots.py
      hash: md5
      md5: c8de2c7286b6226ce577c7e6f3892834
      size: 7410
    - path: data/processed/tabla_minable.csv
      hash: md5
      md5: 3836d9361cd9858f429ed367fcedb601
      size: 1031853
    params:
      params.yaml:
        mlflow.enabled: true
        prepare.random_state: 42
        prepare.split_ratio: 0.3
        train.max_depth:
        train.n_estimators: 400
        train.target_col: buen_cliente
    outs:
    - path: metrics/eval.json
      hash: md5
      md5: b88d8388f8081ca109fbce469201624a
      size: 150
    - path: metrics/plots.csv
      hash: md5
      md5: 296b66ae9bad174347d1cb41657aa323
      size: 8073
    - path: models/best_model.joblib
      hash: md5
      md5: 1c5cf6cc2ea54b72fce3ee76ecb0d9f1
      size: 6142329
